<?xml version="1.0" encoding="utf-8"?>
<Project ToolsVersion="4.0" xmlns="http://schemas.microsoft.com/developer/msbuild/2003">
  <ItemGroup>
    <Filter Include="ソース ファイル">
      <UniqueIdentifier>{4FC737F1-C7A5-4376-A066-2A32D752A2FF}</UniqueIdentifier>
      <Extensions>cpp;c;cc;cxx;c++;cppm;ixx;def;odl;idl;hpj;bat;asm;asmx</Extensions>
    </Filter>
    <Filter Include="ヘッダー ファイル">
      <UniqueIdentifier>{93995380-89BD-4b04-88EB-625FBE52EBFB}</UniqueIdentifier>
      <Extensions>h;hh;hpp;hxx;h++;hm;inl;inc;ipp;xsd</Extensions>
    </Filter>
    <Filter Include="リソース ファイル">
      <UniqueIdentifier>{67DA6AB6-F800-4c08-8B7A-83BB121AAD01}</UniqueIdentifier>
      <Extensions>rc;ico;cur;bmp;dlg;rc2;rct;bin;rgs;gif;jpg;jpeg;jpe;resx;tiff;tif;png;wav;mfcribbon-ms</Extensions>
    </Filter>
    <Filter Include="リソース ファイル\test">
      <UniqueIdentifier>{46100a76-eb0c-4cac-aa08-d090c08127c1}</UniqueIdentifier>
    </Filter>
    <Filter Include="ソース ファイル\GameEngine">
      <UniqueIdentifier>{f99c0fbe-f5e2-4fa7-a0b1-c10ae194c747}</UniqueIdentifier>
    </Filter>
    <Filter Include="ヘッダー ファイル\GameEngine">
      <UniqueIdentifier>{837d2b60-e63a-457e-9c8b-7333c2cc4904}</UniqueIdentifier>
    </Filter>
    <Filter Include="ヘッダー ファイル\GameEngine\Interface">
      <UniqueIdentifier>{2d9f6e47-e2ed-449f-a85a-e058d6567213}</UniqueIdentifier>
    </Filter>
    <Filter Include="ヘッダー ファイル\GameEngine\Component">
      <UniqueIdentifier>{2914ed53-6a77-484f-91cb-47b68d51dac5}</UniqueIdentifier>
    </Filter>
    <Filter Include="ヘッダー ファイル\GameEngine\System">
      <UniqueIdentifier>{738a883c-d134-49d7-b1ec-5d9c3a163093}</UniqueIdentifier>
    </Filter>
    <Filter Include="ソース ファイル\GameEngine\System">
      <UniqueIdentifier>{2c63f765-1013-4a99-9cef-81187530cbbb}</UniqueIdentifier>
    </Filter>
    <Filter Include="ソース ファイル\System">
      <UniqueIdentifier>{42e770c4-c06c-4160-add8-f00fd168f0b6}</UniqueIdentifier>
    </Filter>
  </ItemGroup>
  <ItemGroup>
    <ClCompile Include="src\main.cpp">
      <Filter>ソース ファイル\GameEngine</Filter>
    </ClCompile>
    <ClCompile Include="src\GameScene.cpp">
      <Filter>ソース ファイル</Filter>
    </ClCompile>
    <ClCompile Include="include\pch.cpp">
      <Filter>ヘッダー ファイル\GameEngine</Filter>
    </ClCompile>
    <ClCompile Include="src\exampleEntity.cpp">
      <Filter>ソース ファイル</Filter>
    </ClCompile>
    <ClCompile Include="src\SceneManager.cpp">
      <Filter>ソース ファイル\GameEngine</Filter>
    </ClCompile>
    <ClCompile Include="src\InputManager.cpp">
      <Filter>ソース ファイル\GameEngine</Filter>
    </ClCompile>
    <ClCompile Include="src\Renderer.cpp">
      <Filter>ソース ファイル\GameEngine</Filter>
    </ClCompile>
    <ClCompile Include="src\PipelineManager.cpp">
      <Filter>ソース ファイル\GameEngine</Filter>
    </ClCompile>
    <ClCompile Include="include\LoadCSO.cpp">
      <Filter>ソース ファイル\GameEngine</Filter>
    </ClCompile>
    <ClCompile Include="include\TransformComponent.cpp">
      <Filter>ソース ファイル\GameEngine</Filter>
    </ClCompile>
    <ClCompile Include="src\CameraSystem.cpp">
      <Filter>ソース ファイル\GameEngine\System</Filter>
    </ClCompile>
    <ClCompile Include="src\RenderSystem.cpp">
      <Filter>ソース ファイル\GameEngine\System</Filter>
    </ClCompile>
    <ClCompile Include="src\TransformSystem.cpp">
      <Filter>ソース ファイル\GameEngine\System</Filter>
    </ClCompile>
    <ClCompile Include="src\ModelData.cpp">
      <Filter>ソース ファイル\GameEngine</Filter>
    </ClCompile>
    <ClCompile Include="src\AssetManager.cpp">
      <Filter>ソース ファイル\GameEngine</Filter>
    </ClCompile>
    <ClCompile Include="src\exampleSystem.cpp">
      <Filter>ソース ファイル\System</Filter>
    </ClCompile>
    <ClCompile Include="src\CubeGeneratorSystem.cpp">
      <Filter>ソース ファイル</Filter>
    </ClCompile>
    <ClCompile Include="src\DropCubeSystem.cpp">
      <Filter>ソース ファイル</Filter>
    </ClCompile>
    <ClCompile Include="src\DropCubeEntity.cpp">
      <Filter>ソース ファイル</Filter>
    </ClCompile>
    <ClCompile Include="src\GeneratorEntity.cpp">
      <Filter>ソース ファイル</Filter>
    </ClCompile>
  </ItemGroup>
  <ItemGroup>
    <ClInclude Include="include\ISystem.h">
      <Filter>ヘッダー ファイル\GameEngine\Interface</Filter>
    </ClInclude>
    <ClInclude Include="include\IComponent.h">
      <Filter>ヘッダー ファイル\GameEngine\Interface</Filter>
    </ClInclude>
    <ClInclude Include="include\IEntity.h">
      <Filter>ヘッダー ファイル\GameEngine\Interface</Filter>
    </ClInclude>
    <ClInclude Include="include\IScene.h">
      <Filter>ヘッダー ファイル\GameEngine\Interface</Filter>
    </ClInclude>
    <ClInclude Include="include\GameScene.h">
      <Filter>ヘッダー ファイル</Filter>
    </ClInclude>
    <ClInclude Include="include\exampleSystem.h">
      <Filter>ヘッダー ファイル</Filter>
    </ClInclude>
    <ClInclude Include="include\pch.h">
      <Filter>ヘッダー ファイル\GameEngine</Filter>
    </ClInclude>
    <ClInclude Include="include\exampleComponent.h">
      <Filter>ヘッダー ファイル</Filter>
    </ClInclude>
    <ClInclude Include="include\exampleEntity.h">
      <Filter>ヘッダー ファイル</Filter>
    </ClInclude>
    <ClInclude Include="include\SceneManager.h">
      <Filter>ヘッダー ファイル\GameEngine</Filter>
    </ClInclude>
    <ClInclude Include="include\InputManager.h">
      <Filter>ヘッダー ファイル\GameEngine</Filter>
    </ClInclude>
    <ClInclude Include="include\Renderer.h">
      <Filter>ヘッダー ファイル\GameEngine</Filter>
    </ClInclude>
    <ClInclude Include="include\LoadCSO.h">
      <Filter>ヘッダー ファイル\GameEngine</Filter>
    </ClInclude>
    <ClInclude Include="include\CameraEntity.h">
      <Filter>ヘッダー ファイル</Filter>
    </ClInclude>
    <ClInclude Include="include\PipelineManager.h">
      <Filter>ヘッダー ファイル\GameEngine</Filter>
    </ClInclude>
    <ClInclude Include="include\ModelData.h">
      <Filter>ヘッダー ファイル\GameEngine</Filter>
    </ClInclude>
    <ClInclude Include="include\AssetManager.h">
      <Filter>ヘッダー ファイル\GameEngine</Filter>
    </ClInclude>
    <ClInclude Include="include\CameraComponent.h">
      <Filter>ヘッダー ファイル\GameEngine\Component</Filter>
    </ClInclude>
    <ClInclude Include="include\MaterialComponent.h">
      <Filter>ヘッダー ファイル\GameEngine\Component</Filter>
    </ClInclude>
    <ClInclude Include="include\MeshComponent.h">
      <Filter>ヘッダー ファイル\GameEngine\Component</Filter>
    </ClInclude>
    <ClInclude Include="include\ModelComponent.h">
      <Filter>ヘッダー ファイル\GameEngine\Component</Filter>
    </ClInclude>
    <ClInclude Include="include\TransformComponent.h">
      <Filter>ヘッダー ファイル\GameEngine\Component</Filter>
    </ClInclude>
    <ClInclude Include="include\CameraSystem.h">
      <Filter>ヘッダー ファイル\GameEngine\System</Filter>
    </ClInclude>
    <ClInclude Include="include\RenderSystem.h">
      <Filter>ヘッダー ファイル\GameEngine\System</Filter>
    </ClInclude>
    <ClInclude Include="include\TransformSystem.h">
      <Filter>ヘッダー ファイル\GameEngine\System</Filter>
    </ClInclude>
    <ClInclude Include="include\EntityBase.h">
      <Filter>ヘッダー ファイル\GameEngine\Interface</Filter>
    </ClInclude>
    <ClInclude Include="include\CubeGeneratorSystem.h">
      <Filter>ヘッダー ファイル</Filter>
    </ClInclude>
    <ClInclude Include="include\CubeGeneratorComponent.h">
      <Filter>ヘッダー ファイル</Filter>
    </ClInclude>
    <ClInclude Include="include\DropCubeSystem.h">
      <Filter>ヘッダー ファイル</Filter>
    </ClInclude>
    <ClInclude Include="include\DropCubeComponent.h">
      <Filter>ヘッダー ファイル</Filter>
    </ClInclude>
    <ClInclude Include="include\DropCubeEntity.h">
      <Filter>ヘッダー ファイル</Filter>
    </ClInclude>
    <ClInclude Include="include\GeneratorEntity.h">
      <Filter>ヘッダー ファイル</Filter>
    </ClInclude>
  </ItemGroup>
  <ItemGroup>
    <FxCompile Include="shaders\TestPixelShader.hlsl">
      <Filter>リソース ファイル\test</Filter>
    </FxCompile>
    <FxCompile Include="shaders\TestVertexShader.hlsl">
      <Filter>リソース ファイル\test</Filter>
    </FxCompile>
  </ItemGroup>
  <ItemGroup>
    <None Include="shaders\TestHeader.hlsli">
      <Filter>リソース ファイル\test</Filter>
    </None>
  </ItemGroup>
</Project>